{
  "name": "angular2-signature-pad",
  "version": "1.0.2",
  "lockfileVersion": 1,
  "requires": true,
  "dependencies": {
    "signature_pad": {
      "version": "git+https://github.com/chessknught/hacked-signature-pad-dendency.git#6c93a2ea799e8f513ff6a27127aee8ed142d5e62",
      "from": "git+https://github.com/chessknught/hacked-signature-pad-dendency.git"
    }
  }
}
